github.com/act-up/api v0.0.0-20200410064033-3e820a656209 h1:6cXzn4SXm65B2CkUL7c+1my3XvP07dTU8AYCddO7XGw=
github.com/act-up/api v0.0.0-20200410064712-68dc0e72ffc7 h1:GAlZYfWMsrlXQa2k0PVcouBvFVTqjFc7ebS9VWOloOI=
github.com/act-up/api v0.0.0-20200410064712-68dc0e72ffc7/go.mod h1:tIM6iEUkmb61/yV3UNgGLhVm/GJE6HefS3LZeR0znyk=
github.com/act-up/api v0.0.0-20200410070220-214f34e3499d h1:n3MftulSZarGbOVALUkZo4btpXzlfJERLUNKwsEPwms=
github.com/act-up/api v0.0.0-20200410070220-214f34e3499d/go.mod h1:tIM6iEUkmb61/yV3UNgGLhVm/GJE6HefS3LZeR0znyk=
github.com/act-up/api v0.0.0-20200410074952-4ba513e6f898 h1:3nYamC2STVN1wNbq6SnpyEpti4ReC1KQVg204BsfeoE=
github.com/act-up/api v0.0.0-20200410074952-4ba513e6f898/go.mod h1:tIM6iEUkmb61/yV3UNgGLhVm/GJE6HefS3LZeR0znyk=
github.com/act-up/api/config v0.0.0-20200410064033-3e820a656209 h1:NBsoQD0s+9Ov8TmjrK3yS8qI6ICyp9qz6QayGa7HAV8=
github.com/act-up/api/config v0.0.0-20200410064033-3e820a656209/go.mod h1:G1aMYld5R8dYuS/szGBbwSTzEr80IiRkzJ2AyZMubz0=
github.com/act-up/api/config v0.0.0-20200410064712-68dc0e72ffc7 h1:7t4gpFE8uB0B8dLsJFDDXGe8L7qmXY7JhIsX43Pds0c=
github.com/act-up/api/config v0.0.0-20200410064712-68dc0e72ffc7/go.mod h1:G1aMYld5R8dYuS/szGBbwSTzEr80IiRkzJ2AyZMubz0=
github.com/act-up/api/config v0.0.0-20200410070220-214f34e3499d h1:GZ1NX4+v5fSV2Jh/Yt2N9SSC9syR641yUHLlILXZTyU=
github.com/act-up/api/config v0.0.0-20200410070220-214f34e3499d/go.mod h1:R/zjW9sldycLSL/kGzqD2bhIan7UpQKRJCe/u2JsLDY=
github.com/act-up/api/config v0.0.0-20200410104838-606e56f80efd h1:YhU1S7FFNVFTljwrxQEHTlOwNNzZWFXpEczfmr+BZyE=
github.com/act-up/api/config v0.0.0-20200410104838-606e56f80efd/go.mod h1:cSzsNAMeICmnb6+XLRPxcIsjgjRJfL576WrAgFDSOyI=
github.com/act-up/api/config v0.0.0-20200410131715-f72842c9885c h1:Owv107m17FfbOfop9wc6mdEDzQtK1tk0Xfwv0MKeeJE=
github.com/act-up/api/config v0.0.0-20200410131715-f72842c9885c/go.mod h1:/1jGdq/MEhNTL/7rHNJO9SCFMMQX4GjcqQexaS2UEFE=
github.com/act-up/api/config v0.0.0-20200410135434-3e343dde7b1d h1:uY2p4nPJIoCw10ZJKnvoHMD7fff0n0C6I1nCDuBWaLA=
github.com/act-up/api/config v0.0.0-20200410135434-3e343dde7b1d/go.mod h1:/1jGdq/MEhNTL/7rHNJO9SCFMMQX4GjcqQexaS2UEFE=
github.com/act-up/api/controllers v0.0.0-20200410072903-9a926618ff0b h1:TEaTx8oOokPiZDl7yv4cdDYQtunrZrr6eZgjRXjtMtg=
github.com/act-up/api/controllers v0.0.0-20200410072903-9a926618ff0b/go.mod h1:fLrtFY1e4ptw6m62Qy0LKMNrvB7ccYzN9TGsl4Z/bNM=
github.com/act-up/api/controllers v0.0.0-20200410074952-4ba513e6f898 h1:UjXodUGng7ROvGI4F9G3E/Yc45Hu04EgZjU6dCdmIGQ=
github.com/act-up/api/controllers v0.0.0-20200410074952-4ba513e6f898/go.mod h1:EFzAtu4025UyTXp79z474c6tDvnQDuLDOuKAxicljhc=
github.com/act-up/api/controllers v0.0.0-20200410082209-5ca18814f1fa h1:XL9bfib3MMQO77dD1YhZVrCk236wImiZKgH1LhYFNdM=
github.com/act-up/api/controllers v0.0.0-20200410082209-5ca18814f1fa/go.mod h1:oL3wwdFyn+bZ6nXqfDWRzH740Rms7DO/2ziuhD+LyLg=
github.com/act-up/api/controllers v0.0.0-20200410083219-ab92e8145b9b h1:42dBqFLzT/0DFU44FhQrOJjxuAAtNqiZZ5cdj44clwo=
github.com/act-up/api/controllers v0.0.0-20200410083219-ab92e8145b9b/go.mod h1:oL3wwdFyn+bZ6nXqfDWRzH740Rms7DO/2ziuhD+LyLg=
github.com/act-up/api/controllers v0.0.0-20200410084634-825a00a91e97 h1:Fj6eCnDVsc++WWXCLGLv8Bb9cIzXXCbvGOlXfyD6FVk=
github.com/act-up/api/controllers v0.0.0-20200410084634-825a00a91e97/go.mod h1:oL3wwdFyn+bZ6nXqfDWRzH740Rms7DO/2ziuhD+LyLg=
github.com/act-up/api/controllers v0.0.0-20200410101728-2877784ef8ec h1:D/Z7HpzcjyrUTUdsuTy5j+9RTFPPTpaKvirJ/0tBwcE=
github.com/act-up/api/controllers v0.0.0-20200410101728-2877784ef8ec/go.mod h1:aXhBTqtW8Cicdte956vZOakDPkxqVS34aSk+9r8vWGY=
github.com/act-up/api/controllers v0.0.0-20200410102123-936c6880aecb h1:UtrBQX7sJL+8zCun3Kzj09bNMNR5Civ4lMrS3jdWhCE=
github.com/act-up/api/controllers v0.0.0-20200410102123-936c6880aecb/go.mod h1:aXhBTqtW8Cicdte956vZOakDPkxqVS34aSk+9r8vWGY=
github.com/act-up/api/controllers v0.0.0-20200410102453-04d8844edcfb h1:vGV5MhZ4MtBumxojQE/wLPMC/LUtSE79WBseINuDb3w=
github.com/act-up/api/controllers v0.0.0-20200410102453-04d8844edcfb/go.mod h1:aXhBTqtW8Cicdte956vZOakDPkxqVS34aSk+9r8vWGY=
github.com/act-up/api/controllers v0.0.0-20200410103102-21078c0a4b67 h1:Xg1kpu9ROEM6qLvIYOQ5qE3hJg0AsRse7n9hXCNlKcg=
github.com/act-up/api/controllers v0.0.0-20200410103102-21078c0a4b67/go.mod h1:aXhBTqtW8Cicdte956vZOakDPkxqVS34aSk+9r8vWGY=
github.com/act-up/api/controllers v0.0.0-20200410103421-c67c1788d9af h1:n2N2ZAxpYiXbYTYZBFs52G0EW/z833POFAkVTIVL9Ek=
github.com/act-up/api/controllers v0.0.0-20200410103421-c67c1788d9af/go.mod h1:ru/RuyGC9Z/u/vaEYfJYb+vMKcpyyxhLvchKjnuCCik=
github.com/act-up/api/controllers v0.0.0-20200410103632-a628dcc6fd73 h1:6y48HYW1rmK008fEsJynIHTHBYZxqmVwLvW7ta8E+wI=
github.com/act-up/api/controllers v0.0.0-20200410103632-a628dcc6fd73/go.mod h1:ru/RuyGC9Z/u/vaEYfJYb+vMKcpyyxhLvchKjnuCCik=
github.com/act-up/api/controllers v0.0.0-20200410103923-4508b77d60e9 h1:VacyTRAr1D+7flEUeQU7F7Pa9gikw4BWLAmyztg+fac=
github.com/act-up/api/controllers v0.0.0-20200410103923-4508b77d60e9/go.mod h1:e2bwUlrjIG5nDvVBcBSjhLyISFBm+xfMA642j0hkIDA=
github.com/act-up/api/controllers v0.0.0-20200410104838-606e56f80efd h1:p32uwUppQo6RU9kJnTUwWbCnFhYLA8N1kqpaqjRZJuQ=
github.com/act-up/api/controllers v0.0.0-20200410104838-606e56f80efd/go.mod h1:e2bwUlrjIG5nDvVBcBSjhLyISFBm+xfMA642j0hkIDA=
github.com/act-up/api/controllers v0.0.0-20200410105111-477c6c369864 h1:lKP5jWcQciXChV93JaafoVHKhWSj6vDzLx7aROsurPM=
github.com/act-up/api/controllers v0.0.0-20200410105111-477c6c369864/go.mod h1:T9bJQvO4VvbSWZMbPT0BU0EyQ2z3lKHazIRMr7pk4So=
github.com/act-up/api/controllers v0.0.0-20200410111830-365827e2ec0d h1:P+Yki7oH+nSj/5P7NScXxzM1D3Bsf4Vefev/Ex46gZQ=
github.com/act-up/api/controllers v0.0.0-20200410111830-365827e2ec0d/go.mod h1:Huv3SB7U88cfnP8mhwlaMrZ5P6PZu8V389yg6fTPXjw=
github.com/act-up/api/controllers v0.0.0-20200410112425-b9b5a22deea2 h1:NoJwKe88CFIgHHaGoY1TTiSmMVqrchTzToiA2yw+Vn4=
github.com/act-up/api/controllers v0.0.0-20200410112425-b9b5a22deea2/go.mod h1:Huv3SB7U88cfnP8mhwlaMrZ5P6PZu8V389yg6fTPXjw=
github.com/act-up/api/controllers v0.0.0-20200410112614-ce764faa028c h1:WhXaRk9oxaBm7JMvn2lyn2FqJ+PjBLTdZqJZu774WWA=
github.com/act-up/api/controllers v0.0.0-20200410112614-ce764faa028c/go.mod h1:Huv3SB7U88cfnP8mhwlaMrZ5P6PZu8V389yg6fTPXjw=
github.com/act-up/api/controllers v0.0.0-20200410113123-dc70caa112c7 h1:Axz0hX/114U2cDZg/2c95OojrVr4USYJLrsP9X81iWU=
github.com/act-up/api/controllers v0.0.0-20200410113123-dc70caa112c7/go.mod h1:Huv3SB7U88cfnP8mhwlaMrZ5P6PZu8V389yg6fTPXjw=
github.com/act-up/api/controllers v0.0.0-20200410130308-9b4a3811ce8c/go.mod h1:Huv3SB7U88cfnP8mhwlaMrZ5P6PZu8V389yg6fTPXjw=
github.com/act-up/api/controllers v0.0.0-20200410131715-f72842c9885c h1:G9ZpWQVAWaAr3D1Wmd1N5pt78FHwDTVNeQRmIOMDt1Q=
github.com/act-up/api/controllers v0.0.0-20200410131715-f72842c9885c/go.mod h1:iKYd7uWVLgcHcvneAfcdqKxTgTiCY9h53jI4IgYDdEs=
github.com/act-up/api/controllers v0.0.0-20200410135434-3e343dde7b1d h1:nvM0teb1TLB1bfLxFQ28CY78nFDtiEt8pZ+yx2cmjko=
github.com/act-up/api/controllers v0.0.0-20200410135434-3e343dde7b1d/go.mod h1:nLzkJTHEjhVylAPRaPB1aj6qVP4UwiRHRTSGilhV+gc=
github.com/act-up/api/models v0.0.0-20200410072903-9a926618ff0b h1:MEw+kf2z8yUytZDTVkquD1IFfEFOsnvu0IcPKTuFFlU=
github.com/act-up/api/models v0.0.0-20200410072903-9a926618ff0b/go.mod h1:XZFrBdYvRzCVcLfMOpME0EB3/+CizWfGQphQgJ7LvTo=
github.com/act-up/api/models v0.0.0-20200410084634-825a00a91e97/go.mod h1:XZFrBdYvRzCVcLfMOpME0EB3/+CizWfGQphQgJ7LvTo=
github.com/act-up/api/models v0.0.0-20200410101728-2877784ef8ec h1:Mu5PMUI27J8H5Dk5eHr7wIJLo1vCjDzjQeUMdNXdato=
github.com/act-up/api/models v0.0.0-20200410101728-2877784ef8ec/go.mod h1:XZFrBdYvRzCVcLfMOpME0EB3/+CizWfGQphQgJ7LvTo=
github.com/act-up/api/models v0.0.0-20200410101959-f99d042084ff h1:dewLp0/79GdXxilj8NuEB8lSSbzeNTY+ixcW9mi3+eU=
github.com/act-up/api/models v0.0.0-20200410101959-f99d042084ff/go.mod h1:XZFrBdYvRzCVcLfMOpME0EB3/+CizWfGQphQgJ7LvTo=
github.com/act-up/api/models v0.0.0-20200410102453-04d8844edcfb h1:KPiskCM7GNcttMKzkDX8keyxRbNhvrsYkj7njVPCEA8=
github.com/act-up/api/models v0.0.0-20200410102453-04d8844edcfb/go.mod h1:XZFrBdYvRzCVcLfMOpME0EB3/+CizWfGQphQgJ7LvTo=
github.com/act-up/api/models v0.0.0-20200410103102-21078c0a4b67 h1:hQKRsY+9uYa1se7tO4g5hN3nMbqrlg2PLH1LemlLA48=
github.com/act-up/api/models v0.0.0-20200410103102-21078c0a4b67/go.mod h1:XZFrBdYvRzCVcLfMOpME0EB3/+CizWfGQphQgJ7LvTo=
github.com/act-up/api/models v0.0.0-20200410103421-c67c1788d9af h1:xus5Ys6EuSblNpC5dsR7XX/+b9lFuwY3N1/k6jkxws8=
github.com/act-up/api/models v0.0.0-20200410103421-c67c1788d9af/go.mod h1:XZFrBdYvRzCVcLfMOpME0EB3/+CizWfGQphQgJ7LvTo=
github.com/act-up/api/models v0.0.0-20200410103632-a628dcc6fd73 h1:HXz2P9p4UF2UWJch/uLFc/8qtkBD2eYCjYKvK2EG7n4=
github.com/act-up/api/models v0.0.0-20200410103632-a628dcc6fd73/go.mod h1:XZFrBdYvRzCVcLfMOpME0EB3/+CizWfGQphQgJ7LvTo=
github.com/act-up/api/models v0.0.0-20200410104838-606e56f80efd h1:z8cHf8qiVdae7GPweRnDcrv0E8pQf2ueTqjGR0fandY=
github.com/act-up/api/models v0.0.0-20200410104838-606e56f80efd/go.mod h1:XZFrBdYvRzCVcLfMOpME0EB3/+CizWfGQphQgJ7LvTo=
github.com/act-up/api/models v0.0.0-20200410105111-477c6c369864/go.mod h1:XZFrBdYvRzCVcLfMOpME0EB3/+CizWfGQphQgJ7LvTo=
github.com/act-up/api/models v0.0.0-20200410110757-ea934c681977 h1:ml35+B8TO6ILzPyhlfT0tWyM/45phaMaaQS9wVMeJhQ=
github.com/act-up/api/models v0.0.0-20200410110757-ea934c681977/go.mod h1:XZFrBdYvRzCVcLfMOpME0EB3/+CizWfGQphQgJ7LvTo=
github.com/act-up/api/models v0.0.0-20200410111830-365827e2ec0d h1:chTpByQ7JaGCgEndT8bH3dhYqS+X7igBNyWtBvGlHjQ=
github.com/act-up/api/models v0.0.0-20200410111830-365827e2ec0d/go.mod h1:XZFrBdYvRzCVcLfMOpME0EB3/+CizWfGQphQgJ7LvTo=
github.com/act-up/api/models v0.0.0-20200410112224-69858bf9e2ab h1:3IhMzW7o0jOvyd+gUsB0xL9M3nErW62y/eF1HrorZ90=
github.com/act-up/api/models v0.0.0-20200410112224-69858bf9e2ab/go.mod h1:XZFrBdYvRzCVcLfMOpME0EB3/+CizWfGQphQgJ7LvTo=
github.com/act-up/api/models v0.0.0-20200410130308-9b4a3811ce8c/go.mod h1:XZFrBdYvRzCVcLfMOpME0EB3/+CizWfGQphQgJ7LvTo=
github.com/act-up/api/models v0.0.0-20200410131715-f72842c9885c h1:HuPvNGEx3uAGJhlM2SFNnjV/1f57XWEdNpsXGbSe/jA=
github.com/act-up/api/models v0.0.0-20200410131715-f72842c9885c/go.mod h1:XZFrBdYvRzCVcLfMOpME0EB3/+CizWfGQphQgJ7LvTo=
github.com/act-up/api/models v0.0.0-20200410135434-3e343dde7b1d h1:zZCGcdq0E5DNW4haWWUe5q7xtOEEBUIx0AQpgZqfL6M=
github.com/act-up/api/models v0.0.0-20200410135434-3e343dde7b1d/go.mod h1:wpbpFpeL7uHgcOa2MYkoVsbjl2oMWHcmV36itlmb4Xw=
github.com/davecgh/go-spew v1.1.0/go.mod h1:J7Y8YcW2NihsgmVo/mv3lAwl/skON4iLHjSsI+c5H38=
github.com/davecgh/go-spew v1.1.1/go.mod h1:J7Y8YcW2NihsgmVo/mv3lAwl/skON4iLHjSsI+c5H38=
github.com/denisenkom/go-mssqldb v0.0.0-20191124224453-732737034ffd/go.mod h1:xbL0rPBG9cCiLr28tMa8zpbdarY27NDyej4t/EjAShU=
github.com/erikstmartin/go-testdb v0.0.0-20160219214506-8d10e4a1bae5/go.mod h1:a2zkGnVExMxdzMo3M0Hi/3sEU+cWnZpSni0O6/Yb/P0=
github.com/gin-contrib/sse v0.1.0 h1:Y/yl/+YNO8GZSjAhjMsSuLt29uWRFHdHYUb5lYOV9qE=
github.com/gin-contrib/sse v0.1.0/go.mod h1:RHrZQHXnP2xjPF+u1gW/2HnVO7nvIa9PG3Gm+fLHvGI=
github.com/gin-gonic/gin v1.6.2 h1:88crIK23zO6TqlQBt+f9FrPJNKm9ZEr7qjp9vl/d5TM=
github.com/gin-gonic/gin v1.6.2/go.mod h1:75u5sXoLsGZoRN5Sgbi1eraJ4GU3++wFwWzhwvtwp4M=
github.com/go-playground/assert/v2 v2.0.1/go.mod h1:VDjEfimB/XKnb+ZQfWdccd7VUvScMdVu0Titje2rxJ4=
github.com/go-playground/locales v0.13.0 h1:HyWk6mgj5qFqCT5fjGBuRArbVDfE4hi8+e8ceBS/t7Q=
github.com/go-playground/locales v0.13.0/go.mod h1:taPMhCMXrRLJO55olJkUXHZBHCxTMfnGwq/HNwmWNS8=
github.com/go-playground/universal-translator v0.17.0 h1:icxd5fm+REJzpZx7ZfpaD876Lmtgy7VtROAbHHXk8no=
github.com/go-playground/universal-translator v0.17.0/go.mod h1:UkSxE5sNxxRwHyU+Scu5vgOQjsIJAF8j9muTVoKLVtA=
github.com/go-playground/validator/v10 v10.2.0 h1:KgJ0snyC2R9VXYN2rneOtQcw5aHQB1Vv0sFl1UcHBOY=
github.com/go-playground/validator/v10 v10.2.0/go.mod h1:uOYAAleCW8F/7oMFd6aG0GOhaH6EGOAJShg8Id5JGkI=
github.com/go-sql-driver/mysql v1.4.1/go.mod h1:zAC/RDZ24gD3HViQzih4MyKcchzm+sOG5ZlKdlhCg5w=
github.com/golang-sql/civil v0.0.0-20190719163853-cb61b32ac6fe/go.mod h1:8vg3r2VgvsThLBIFL93Qb5yWzgyZWhEmBwUJWevAkK0=
github.com/golang/protobuf v1.2.0/go.mod h1:6lQm79b+lXiMfvg/cZm0SGofjICqVBUtrP5yJMmIC1U=
github.com/golang/protobuf v1.3.3 h1:gyjaxf+svBWX08ZjK86iN9geUJF0H6gp2IRKX6Nf6/I=
github.com/golang/protobuf v1.3.3/go.mod h1:vzj43D7+SQXF/4pzW/hwtAqwc6iTitCiVSaWz5lYuqw=
github.com/golang/protobuf v1.3.5 h1:F768QJ1E9tib+q5Sc8MkdJi1RxLTbRcTf8LJV56aRls=
github.com/golang/protobuf v1.3.5/go.mod h1:6O5/vntMXwX2lRkT1hjjk0nAC1IDOTvTlVgjlRvqsdk=
github.com/google/gofuzz v1.0.0/go.mod h1:dBl0BpW6vV/+mYPU4Po3pmUjxk6FQPldtuIdl/M65Eg=
github.com/jinzhu/gorm v1.9.12 h1:Drgk1clyWT9t9ERbzHza6Mj/8FY/CqMyVzOiHviMo6Q=
github.com/jinzhu/gorm v1.9.12/go.mod h1:vhTjlKSJUTWNtcbQtrMBFCxy7eXTzeCAzfL5fBZT/Qs=
github.com/jinzhu/inflection v1.0.0 h1:K317FqzuhWc8YvSVlFMCCUb36O/S9MCKRDI7QkRKD/E=
github.com/jinzhu/inflection v1.0.0/go.mod h1:h+uFLlag+Qp1Va5pdKtLDYj+kHp5pxUVkryuEj+Srlc=
github.com/jinzhu/now v1.0.1/go.mod h1:d3SSVoowX0Lcu0IBviAWJpolVfI5UJVZZ7cO71lE/z8=
github.com/json-iterator/go v1.1.9 h1:9yzud/Ht36ygwatGx56VwCZtlI/2AD15T1X2sjSuGns=
github.com/json-iterator/go v1.1.9/go.mod h1:KdQUCv79m/52Kvf8AW2vK1V8akMuk1QjK/uOdHXbAo4=
github.com/leodido/go-urn v1.2.0 h1:hpXL4XnriNwQ/ABnpepYM/1vCLWNDfUNts8dX3xTG6Y=
github.com/leodido/go-urn v1.2.0/go.mod h1:+8+nEpDfqqsY+g338gtMEUOtuK+4dEMhiQEgxpxOKII=
github.com/lib/pq v1.1.1/go.mod h1:5WUZQaWbwv1U+lTReE5YruASi9Al49XbQIvNi/34Woo=
github.com/lib/pq v1.3.0 h1:/qkRGz8zljWiDcFvgpwUpwIAPu3r07TDvs3Rws+o/pU=
github.com/lib/pq v1.3.0/go.mod h1:5WUZQaWbwv1U+lTReE5YruASi9Al49XbQIvNi/34Woo=
github.com/mattn/go-isatty v0.0.12 h1:wuysRhFDzyxgEmMf5xjvJ2M9dZoWAXNNr5LSBS7uHXY=
github.com/mattn/go-isatty v0.0.12/go.mod h1:cbi8OIDigv2wuxKPP5vlRcQ1OAZbq2CE4Kysco4FUpU=
github.com/mattn/go-sqlite3 v2.0.1+incompatible/go.mod h1:FPy6KqzDD04eiIsT53CuJW3U88zkxoIYsOqkbpncsNc=
github.com/modern-go/concurrent v0.0.0-20180228061459-e0a39a4cb421 h1:ZqeYNhU3OHLH3mGKHDcjJRFFRrJa6eAM5H+CtDdOsPc=
github.com/modern-go/concurrent v0.0.0-20180228061459-e0a39a4cb421/go.mod h1:6dJC0mAP4ikYIbvyc7fijjWJddQyLn8Ig3JB5CqoB9Q=
github.com/modern-go/concurrent v0.0.0-20180306012644-bacd9c7ef1dd h1:TRLaZ9cD/w8PVh93nsPXa1VrQ6jlwL5oN8l14QlcNfg=
github.com/modern-go/concurrent v0.0.0-20180306012644-bacd9c7ef1dd/go.mod h1:6dJC0mAP4ikYIbvyc7fijjWJddQyLn8Ig3JB5CqoB9Q=
github.com/modern-go/reflect2 v0.0.0-20180701023420-4b7aa43c6742 h1:Esafd1046DLDQ0W1YjYsBW+p8U2u7vzgW2SQVmlNazg=
github.com/modern-go/reflect2 v0.0.0-20180701023420-4b7aa43c6742/go.mod h1:bx2lNnkwVCuqBIxFjflWJWanXIb3RllmbCylyMrvgv0=
github.com/modern-go/reflect2 v1.0.1 h1:9f412s+6RmYXLWZSEzVVgPGK7C2PphHj5RJrvfx9AWI=
github.com/modern-go/reflect2 v1.0.1/go.mod h1:bx2lNnkwVCuqBIxFjflWJWanXIb3RllmbCylyMrvgv0=
github.com/pmezard/go-difflib v1.0.0/go.mod h1:iKH77koFhYxTK1pcRnkKkqfTogsbg7gZNVY4sRDYZ/4=
github.com/stretchr/objx v0.1.0/go.mod h1:HFkY916IF+rwdDfMAkV7OtwuqBVzrE8GR6GFx+wExME=
github.com/stretchr/testify v1.3.0/go.mod h1:M5WIy9Dh21IEIfnGCwXGc5bZfKNJtfHm1UVUgZn+9EI=
github.com/stretchr/testify v1.4.0/go.mod h1:j7eGeouHqKxXV5pUuKE4zz7dFj8WfuZ+81PSLYec5m4=
github.com/ugorji/go v1.1.7 h1:/68gy2h+1mWMrwZFeD1kQialdSzAb432dtpeJ42ovdo=
github.com/ugorji/go v1.1.7/go.mod h1:kZn38zHttfInRq0xu/PH0az30d+z6vm202qpg1oXVMw=
github.com/ugorji/go/codec v1.1.7 h1:2SvQaVZ1ouYrrKKwoSk2pzd4A9evlKJb9oTL+OaLUSs=
github.com/ugorji/go/codec v1.1.7/go.mod h1:Ax+UKWsSmolVDwsd+7N3ZtXu+yMGCf907BLYF3GoBXY=
golang.org/x/crypto v0.0.0-20190308221718-c2843e01d9a2/go.mod h1:djNgcEr1/C05ACkg1iLfiJU5Ep61QUkGW8qpdssI0+w=
golang.org/x/crypto v0.0.0-20190325154230-a5d413f7728c/go.mod h1:djNgcEr1/C05ACkg1iLfiJU5Ep61QUkGW8qpdssI0+w=
golang.org/x/crypto v0.0.0-20191205180655-e7c4368fe9dd/go.mod h1:LzIPMQfyMNhhGPhUkYOs5KpL4U8rLKemX1yGLhDgUto=
golang.org/x/net v0.0.0-20180724234803-3673e40ba225/go.mod h1:mL1N/T3taQHkDXs73rZJwtUhF3w3ftmwwsq0BUmARs4=
golang.org/x/net v0.0.0-20190404232315-eb5bcb51f2a3/go.mod h1:t9HGtf8HONx5eT2rtn7q6eTqICYqUVnKs3thJo3Qplg=
golang.org/x/sys v0.0.0-20190215142949-d0b11bdaac8a/go.mod h1:STP8DvDyc/dI5b8T5hshtkjS+E42TnysNCUPdjciGhY=
golang.org/x/sys v0.0.0-20190412213103-97732733099d/go.mod h1:h1NjWce9XRLGQEsW7wpKNCjG9DtNlClVuFLEZdDNbEs=
golang.org/x/sys v0.0.0-20200116001909-b77594299b42 h1:vEOn+mP2zCOVzKckCZy6YsCtDblrpj/w7B9nxGNELpg=
golang.org/x/sys v0.0.0-20200116001909-b77594299b42/go.mod h1:h1NjWce9XRLGQEsW7wpKNCjG9DtNlClVuFLEZdDNbEs=
golang.org/x/sys v0.0.0-20200409092240-59c9f1ba88fa h1:mQTN3ECqfsViCNBgq+A40vdwhkGykrrQlYe3mPj6BoU=
golang.org/x/sys v0.0.0-20200409092240-59c9f1ba88fa/go.mod h1:h1NjWce9XRLGQEsW7wpKNCjG9DtNlClVuFLEZdDNbEs=
golang.org/x/text v0.3.0/go.mod h1:NqM8EUOU14njkJ3fqMW+pc6Ldnwhi/IjpwHt7yyuwOQ=
golang.org/x/text v0.3.2/go.mod h1:bEr9sfX3Q8Zfm5fL9x+3itogRgK3+ptLWKqgva+5dAk=
golang.org/x/tools v0.0.0-20180917221912-90fa682c2a6e/go.mod h1:n7NCudcB/nEzxVGmLbDWY5pfWTLqBcC2KZ6jyYvM4mQ=
google.golang.org/appengine v1.4.0/go.mod h1:xpcJRLb0r/rnEns0DIKYYv+WjYCduHsrkT7/EB5XEv4=
gopkg.in/check.v1 v0.0.0-20161208181325-20d25e280405/go.mod h1:Co6ibVJAznAaIkqp8huTwlJQCZ016jof/cbN4VW5Yz0=
gopkg.in/yaml.v2 v2.2.2/go.mod h1:hI93XBmqTisBFMUTm0b8Fm+jr3Dg1NNxqwp+5A1VGuI=
gopkg.in/yaml.v2 v2.2.8 h1:obN1ZagJSUGI0Ek/LBmuj4SNLPfIny3KsKFopxRdj10=
gopkg.in/yaml.v2 v2.2.8/go.mod h1:hI93XBmqTisBFMUTm0b8Fm+jr3Dg1NNxqwp+5A1VGuI=
